
Microsoft Visual Studio Solution File, Format Version 12.00
# Visual Studio Version 17
VisualStudioVersion = 17.3.32825.248
MinimumVisualStudioVersion = 10.0.40219.1
Project("{FAE04EC0-301F-11D3-BF4B-00C04F79EFBC}") = "Exec_While01", "Exec_While01\Exec_While01.csproj", "{61B6C7AB-B2BE-4E23-BE48-81E5F08D8E0A}"
EndProject
Global
	GlobalSection(SolutionConfigurationPlatforms) = preSolution
		Debug|Any CPU = Debug|Any CPU
		Release|Any CPU = Release|Any CPU
	EndGlobalSection
	GlobalSection(ProjectConfigurationPlatforms) = postSolution
		{61B6C7AB-B2BE-4E23-BE48-81E5F08D8E0A}.Debug|Any CPU.ActiveCfg = Debug|Any CPU
		{61B6C7AB-B2BE-4E23-BE48-81E5F08D8E0A}.Debug|Any CPU.Build.0 = Debug|Any CPU
		{61B6C7AB-B2BE-4E23-BE48-81E5F08D8E0A}.Release|Any CPU.ActiveCfg = Release|Any CPU
		{61B6C7AB-B2BE-4E23-BE48-81E5F08D8E0A}.Release|Any CPU.Build.0 = Release|Any CPU
	EndGlobalSection
	GlobalSection(SolutionProperties) = preSolution
		HideSolutionNode = FALSE
	EndGlobalSection
	GlobalSection(ExtensibilityGlobals) = postSolution
		SolutionGuid = {2E6FFFD0-257A-47B6-9BF5-8EAAE8995855}
	EndGlobalSection
EndGlobal
